
Microsoft Visual Studio Solution File, Format Version 12.00
# Visual Studio 14
VisualStudioVersion = 14.0.24720.0
MinimumVisualStudioVersion = 10.0.40219.1
Project("{FAE04EC0-301F-11D3-BF4B-00C04F79EFBC}") = "NubeBooks", "NubeBooks\NubeBooks.csproj", "{9F7359B9-F0C1-46BD-90FF-9517284C0BBD}"
EndProject
Project("{FAE04EC0-301F-11D3-BF4B-00C04F79EFBC}") = "NubeBooks.Tests", "NubeBooks.Tests\NubeBooks.Tests.csproj", "{9F788E26-2610-4EA1-AE07-2EBC7872848A}"
EndProject
Project("{FAE04EC0-301F-11D3-BF4B-00C04F79EFBC}") = "NubeBooks.Data", "NubeBooks.Data\NubeBooks.Data.csproj", "{5E093BAB-A055-4BF2-A59C-D7FA80F036D5}"
EndProject
Project("{FAE04EC0-301F-11D3-BF4B-00C04F79EFBC}") = "NubeBooks.Helpers", "NubeBooks.Helpers\NubeBooks.Helpers.csproj", "{E8F3CFCE-F96E-41FF-A311-9B9D5F496ACD}"
EndProject
Project("{FAE04EC0-301F-11D3-BF4B-00C04F79EFBC}") = "NubeBooks.Helpers.Razor", "NubeBooks.Helpers.Razor\NubeBooks.Helpers.Razor.csproj", "{8AB1B67B-4258-4FA2-8490-6F62757C6D0A}"
EndProject
Project("{FAE04EC0-301F-11D3-BF4B-00C04F79EFBC}") = "NubeBooks.Core", "NubeBooks.Core\NubeBooks.Core.csproj", "{B3DFC0A6-E4A2-473A-A672-B56B0FC06C40}"
EndProject
Global
	GlobalSection(SolutionConfigurationPlatforms) = preSolution
		Debug|Any CPU = Debug|Any CPU
		Release|Any CPU = Release|Any CPU
	EndGlobalSection
	GlobalSection(ProjectConfigurationPlatforms) = postSolution
		{9F7359B9-F0C1-46BD-90FF-9517284C0BBD}.Debug|Any CPU.ActiveCfg = Debug|Any CPU
		{9F7359B9-F0C1-46BD-90FF-9517284C0BBD}.Debug|Any CPU.Build.0 = Debug|Any CPU
		{9F7359B9-F0C1-46BD-90FF-9517284C0BBD}.Release|Any CPU.ActiveCfg = Release|Any CPU
		{9F7359B9-F0C1-46BD-90FF-9517284C0BBD}.Release|Any CPU.Build.0 = Release|Any CPU
		{9F788E26-2610-4EA1-AE07-2EBC7872848A}.Debug|Any CPU.ActiveCfg = Debug|Any CPU
		{9F788E26-2610-4EA1-AE07-2EBC7872848A}.Debug|Any CPU.Build.0 = Debug|Any CPU
		{9F788E26-2610-4EA1-AE07-2EBC7872848A}.Release|Any CPU.ActiveCfg = Release|Any CPU
		{9F788E26-2610-4EA1-AE07-2EBC7872848A}.Release|Any CPU.Build.0 = Release|Any CPU
		{5E093BAB-A055-4BF2-A59C-D7FA80F036D5}.Debug|Any CPU.ActiveCfg = Debug|Any CPU
		{5E093BAB-A055-4BF2-A59C-D7FA80F036D5}.Debug|Any CPU.Build.0 = Debug|Any CPU
		{5E093BAB-A055-4BF2-A59C-D7FA80F036D5}.Release|Any CPU.ActiveCfg = Release|Any CPU
		{5E093BAB-A055-4BF2-A59C-D7FA80F036D5}.Release|Any CPU.Build.0 = Release|Any CPU
		{E8F3CFCE-F96E-41FF-A311-9B9D5F496ACD}.Debug|Any CPU.ActiveCfg = Debug|Any CPU
		{E8F3CFCE-F96E-41FF-A311-9B9D5F496ACD}.Debug|Any CPU.Build.0 = Debug|Any CPU
		{E8F3CFCE-F96E-41FF-A311-9B9D5F496ACD}.Release|Any CPU.ActiveCfg = Release|Any CPU
		{E8F3CFCE-F96E-41FF-A311-9B9D5F496ACD}.Release|Any CPU.Build.0 = Release|Any CPU
		{8AB1B67B-4258-4FA2-8490-6F62757C6D0A}.Debug|Any CPU.ActiveCfg = Debug|Any CPU
		{8AB1B67B-4258-4FA2-8490-6F62757C6D0A}.Debug|Any CPU.Build.0 = Debug|Any CPU
		{8AB1B67B-4258-4FA2-8490-6F62757C6D0A}.Release|Any CPU.ActiveCfg = Release|Any CPU
		{8AB1B67B-4258-4FA2-8490-6F62757C6D0A}.Release|Any CPU.Build.0 = Release|Any CPU
		{B3DFC0A6-E4A2-473A-A672-B56B0FC06C40}.Debug|Any CPU.ActiveCfg = Debug|Any CPU
		{B3DFC0A6-E4A2-473A-A672-B56B0FC06C40}.Debug|Any CPU.Build.0 = Debug|Any CPU
		{B3DFC0A6-E4A2-473A-A672-B56B0FC06C40}.Release|Any CPU.ActiveCfg = Release|Any CPU
		{B3DFC0A6-E4A2-473A-A672-B56B0FC06C40}.Release|Any CPU.Build.0 = Release|Any CPU
	EndGlobalSection
	GlobalSection(SolutionProperties) = preSolution
		HideSolutionNode = FALSE
	EndGlobalSection
	GlobalSection(TeamFoundationVersionControl) = preSolution
		SccNumberOfProjects = 7
		SccEnterpriseProvider = {4CA58AB2-18FA-4F8D-95D4-32DDF27D184C}
		SccTeamFoundationServer = https://evert-anderson-hl.visualstudio.com/defaultcollection
		SccLocalPath0 = .
		SccProjectUniqueName1 = NubeBooks.Core\\NubeBooks.Core.csproj
		SccProjectName1 = NubeBooks.Core
		SccLocalPath1 = NubeBooks.Core
		SccProjectUniqueName2 = NubeBooks.Data\\NubeBooks.Data.csproj
		SccProjectName2 = NubeBooks.Data
		SccLocalPath2 = NubeBooks.Data
		SccProjectUniqueName3 = NubeBooks.Helpers.Razor\\NubeBooks.Helpers.Razor.csproj
		SccProjectName3 = NubeBooks.Helpers.Razor
		SccLocalPath3 = NubeBooks.Helpers.Razor
		SccProjectUniqueName4 = NubeBooks.Helpers\\NubeBooks.Helpers.csproj
		SccProjectName4 = NubeBooks.Helpers
		SccLocalPath4 = NubeBooks.Helpers
		SccProjectUniqueName5 = NubeBooks.Tests\\NubeBooks.Tests.csproj
		SccProjectName5 = NubeBooks.Tests
		SccLocalPath5 = NubeBooks.Tests
		SccProjectUniqueName6 = NubeBooks\\NubeBooks.csproj
		SccProjectName6 = NubeBooks
		SccLocalPath6 = NubeBooks
	EndGlobalSection
EndGlobal
